github.com/norenstrakh-r7/submodules/b v0.0.1 h1:fVmsFgPLWzjzjEOgTbwb54LK3fY5ZJn1ErY9jV0F/1k=
github.com/norenstrakh-r7/submodules/b v0.0.1/go.mod h1:5ymaAtvJqBkv9nDgZM3pX/Sch7khrc3HRqLncOXCCOs=
github.com/norenstrakh-r7/submodules/c v0.0.1 h1:MtOY1onNJeaVAxMaOx+HkESyPI3xxhIxbelbBtOx0PA=
github.com/norenstrakh-r7/submodules/c v0.0.1/go.mod h1:PB7WYYSDap1gVZJhqUew5UgW9ZLnkTrDEIpPPycLFyA=
