github.com/norenstrakh-r7/submodules v0.0.0-20210107200149-0d86b0c19c50 h1:ot9l4c9FBmsJKpzPTksFqgVZ4o+CkQOLJjEcVdAGGZE=
github.com/norenstrakh-r7/submodules/b v0.0.1 h1:fVmsFgPLWzjzjEOgTbwb54LK3fY5ZJn1ErY9jV0F/1k=
github.com/norenstrakh-r7/submodules/b v0.0.1/go.mod h1:5ymaAtvJqBkv9nDgZM3pX/Sch7khrc3HRqLncOXCCOs=
